
Microsoft Visual Studio Solution File, Format Version 12.00
# Visual Studio Version 17
VisualStudioVersion = 17.8.34309.116
MinimumVisualStudioVersion = 10.0.40219.1
Project("{9A19103F-16F7-4668-BE54-9A1E7A4F7556}") = "Business.Calculations", "Business.Calculations\Business.Calculations.csproj", "{B6624F0A-69B5-4D2D-AA86-3C392B45DBBE}"
EndProject
Project("{9A19103F-16F7-4668-BE54-9A1E7A4F7556}") = "Business.Calculations.Tests", "Business.Calculations.Tests\Business.Calculations.Tests.csproj", "{1D0EF362-7EEA-4926-A42F-1EF39F97977B}"
EndProject
Global
	GlobalSection(SolutionConfigurationPlatforms) = preSolution
		Debug|Any CPU = Debug|Any CPU
		Release|Any CPU = Release|Any CPU
	EndGlobalSection
	GlobalSection(ProjectConfigurationPlatforms) = postSolution
		{B6624F0A-69B5-4D2D-AA86-3C392B45DBBE}.Debug|Any CPU.ActiveCfg = Debug|Any CPU
		{B6624F0A-69B5-4D2D-AA86-3C392B45DBBE}.Debug|Any CPU.Build.0 = Debug|Any CPU
		{B6624F0A-69B5-4D2D-AA86-3C392B45DBBE}.Release|Any CPU.ActiveCfg = Release|Any CPU
		{B6624F0A-69B5-4D2D-AA86-3C392B45DBBE}.Release|Any CPU.Build.0 = Release|Any CPU
		{1D0EF362-7EEA-4926-A42F-1EF39F97977B}.Debug|Any CPU.ActiveCfg = Debug|Any CPU
		{1D0EF362-7EEA-4926-A42F-1EF39F97977B}.Debug|Any CPU.Build.0 = Debug|Any CPU
		{1D0EF362-7EEA-4926-A42F-1EF39F97977B}.Release|Any CPU.ActiveCfg = Release|Any CPU
		{1D0EF362-7EEA-4926-A42F-1EF39F97977B}.Release|Any CPU.Build.0 = Release|Any CPU
	EndGlobalSection
	GlobalSection(SolutionProperties) = preSolution
		HideSolutionNode = FALSE
	EndGlobalSection
	GlobalSection(ExtensibilityGlobals) = postSolution
		SolutionGuid = {BBD91840-5837-4742-BDE6-82CDDA0B903B}
	EndGlobalSection
EndGlobal
